
Microsoft Visual Studio Solution File, Format Version 12.00
# Visual Studio Version 17
VisualStudioVersion = 17.9.34723.18
MinimumVisualStudioVersion = 10.0.40219.1
Project("{FAE04EC0-301F-11D3-BF4B-00C04F79EFBC}") = "ISMTest", "ISMTest.csproj", "{70E47383-B907-4629-AF9F-502B5E58FDFE}"
EndProject
Global
	GlobalSection(SolutionConfigurationPlatforms) = preSolution
		Debug|Any CPU = Debug|Any CPU
		Release|Any CPU = Release|Any CPU
	EndGlobalSection
	GlobalSection(ProjectConfigurationPlatforms) = postSolution
		{70E47383-B907-4629-AF9F-502B5E58FDFE}.Debug|Any CPU.ActiveCfg = Debug|Any CPU
		{70E47383-B907-4629-AF9F-502B5E58FDFE}.Debug|Any CPU.Build.0 = Debug|Any CPU
		{70E47383-B907-4629-AF9F-502B5E58FDFE}.Release|Any CPU.ActiveCfg = Release|Any CPU
		{70E47383-B907-4629-AF9F-502B5E58FDFE}.Release|Any CPU.Build.0 = Release|Any CPU
	EndGlobalSection
	GlobalSection(SolutionProperties) = preSolution
		HideSolutionNode = FALSE
	EndGlobalSection
	GlobalSection(ExtensibilityGlobals) = postSolution
		SolutionGuid = {3218D82E-8FB4-4BA6-B4D4-14EEC6464DE5}
	EndGlobalSection
EndGlobal
